github.com/bas24/googletranslatefree v0.0.0-20170719053803-07873a6de396 h1:4YSEU9Al9MgqTASR/+37GSGh11LQzQONkUJKSGyiy8Y=
github.com/bas24/googletranslatefree v0.0.0-20170719053803-07873a6de396/go.mod h1:ntTdGCe6WzFmHjox8vK2FZ2KLyh0IFxw43B6XCg0zf4=
github.com/bwmarrin/discordgo v0.20.3 h1:AxjcHGbyBFSC0a3Zx5nDQwbOjU7xai5dXjRnZ0YB7nU=
github.com/bwmarrin/discordgo v0.20.3/go.mod h1:O9S4p+ofTFwB02em7jkpkV8M3R0/PUVOwN61zSZ0r4Q=
github.com/gorilla/websocket v1.4.0 h1:WDFjx/TMzVgy9VdMMQi2K2Emtwi2QcUQsztZ/zLaH/Q=
github.com/gorilla/websocket v1.4.0/go.mod h1:E7qHFY5m1UJ88s3WnNqhKjPHQ0heANvMoAMk2YaljkQ=
github.com/joho/godotenv v1.3.0/go.mod h1:7hK45KPybAkOC6peb+G5yklZfMxEjkZhHbwpqxOKXbg=
github.com/nishanths/go-xkcd v0.0.0-20160531092901-9497d909de39 h1:hD/Ob1zaeDAw1hxc2ne34CVJaZIelKMOmaJB/wGDujo=
github.com/nishanths/go-xkcd v0.0.0-20160531092901-9497d909de39/go.mod h1:R7jhXmaqF0tVqZCC6SR+1nhmS2RvzF7oQF96fZXDAXQ=
github.com/robertkrimen/otto v0.0.0-20191219234010-c382bd3c16ff h1:+6NUiITWwE5q1KO6SAfUX918c+Tab0+tGAM/mtdlUyA=
github.com/robertkrimen/otto v0.0.0-20191219234010-c382bd3c16ff/go.mod h1:xvqspoSXJTIpemEonrMDFq6XzwHYYgToXWj5eRX1OtY=
golang.org/x/crypto v0.0.0-20181030102418-4d3f4d9ffa16 h1:y6ce7gCWtnH+m3dCjzQ1PCuwl28DDIc3VNnvY29DlIA=
golang.org/x/crypto v0.0.0-20181030102418-4d3f4d9ffa16/go.mod h1:6SG95UA2DQfeDnfUPMdvaQW0Q7yPrPDi9nlGo2tz2b4=
gopkg.in/sourcemap.v1 v1.0.5 h1:inv58fC9f9J3TK2Y2R1NPntXEn3/wjWHkonhIUODNTI=
gopkg.in/sourcemap.v1 v1.0.5/go.mod h1:2RlvNNSMglmRrcvhfuzp4hQHwOtjxlbjX7UPY/GXb78=
